// !$*UTF8*$!
{
	archiveVersion = 1;
	classes = {
	};
	objectVersion = 50;
	objects = {

/* Begin PBXBuildFile section */
		9D5181D22105ED6800FBBB20 /* RestaurantDetailViewController.swift in Sources */ = {isa = PBXBuildFile; fileRef = 9D5181D12105ED6800FBBB20 /* RestaurantDetailViewController.swift */; };
		9D5181D42105FE1400FBBB20 /* SearchFooterViewController.swift in Sources */ = {isa = PBXBuildFile; fileRef = 9D5181D32105FE1400FBBB20 /* SearchFooterViewController.swift */; };
		9D58E8A32105CC56005833A4 /* AppDelegate.swift in Sources */ = {isa = PBXBuildFile; fileRef = 9D58E8A22105CC56005833A4 /* AppDelegate.swift */; };
		9D58E8A82105CC56005833A4 /* Main.storyboard in Resources */ = {isa = PBXBuildFile; fileRef = 9D58E8A62105CC56005833A4 /* Main.storyboard */; };
		9D58E8AA2105CC58005833A4 /* Assets.xcassets in Resources */ = {isa = PBXBuildFile; fileRef = 9D58E8A92105CC58005833A4 /* Assets.xcassets */; };
		9D58E8AD2105CC58005833A4 /* LaunchScreen.storyboard in Resources */ = {isa = PBXBuildFile; fileRef = 9D58E8AB2105CC58005833A4 /* LaunchScreen.storyboard */; };
		9D58E8B72105CEA3005833A4 /* MainTableViewCell.swift in Sources */ = {isa = PBXBuildFile; fileRef = 9D58E8B52105CEA3005833A4 /* MainTableViewCell.swift */; };
		9D58E8B82105CEA3005833A4 /* MainTableViewCell.xib in Resources */ = {isa = PBXBuildFile; fileRef = 9D58E8B62105CEA3005833A4 /* MainTableViewCell.xib */; };
		9D58E8BA2105D439005833A4 /* RestaurantModel.swift in Sources */ = {isa = PBXBuildFile; fileRef = 9D58E8B92105D439005833A4 /* RestaurantModel.swift */; };
		9D58E8BC2105D4ED005833A4 /* Constants.swift in Sources */ = {isa = PBXBuildFile; fileRef = 9D58E8BB2105D4ED005833A4 /* Constants.swift */; };
		9D58E8BE2105D862005833A4 /* MainTableViewController.swift in Sources */ = {isa = PBXBuildFile; fileRef = 9D58E8BD2105D862005833A4 /* MainTableViewController.swift */; };
/* End PBXBuildFile section */

/* Begin PBXFileReference section */
		9D5181D12105ED6800FBBB20 /* RestaurantDetailViewController.swift */ = {isa = PBXFileReference; lastKnownFileType = sourcecode.swift; path = RestaurantDetailViewController.swift; sourceTree = "<group>"; };
		9D5181D32105FE1400FBBB20 /* SearchFooterViewController.swift */ = {isa = PBXFileReference; lastKnownFileType = sourcecode.swift; path = SearchFooterViewController.swift; sourceTree = "<group>"; };
		9D58E89F2105CC56005833A4 /* TableViewAndSearchBarPractice.app */ = {isa = PBXFileReference; explicitFileType = wrapper.application; includeInIndex = 0; path = TableViewAndSearchBarPractice.app; sourceTree = BUILT_PRODUCTS_DIR; };
		9D58E8A22105CC56005833A4 /* AppDelegate.swift */ = {isa = PBXFileReference; lastKnownFileType = sourcecode.swift; path = AppDelegate.swift; sourceTree = "<group>"; };
		9D58E8A72105CC56005833A4 /* Base */ = {isa = PBXFileReference; lastKnownFileType = file.storyboard; name = Base; path = Base.lproj/Main.storyboard; sourceTree = "<group>"; };
		9D58E8A92105CC58005833A4 /* Assets.xcassets */ = {isa = PBXFileReference; lastKnownFileType = folder.assetcatalog; path = Assets.xcassets; sourceTree = "<group>"; };
		9D58E8AC2105CC58005833A4 /* Base */ = {isa = PBXFileReference; lastKnownFileType = file.storyboard; name = Base; path = Base.lproj/LaunchScreen.storyboard; sourceTree = "<group>"; };
		9D58E8AE2105CC58005833A4 /* Info.plist */ = {isa = PBXFileReference; lastKnownFileType = text.plist.xml; path = Info.plist; sourceTree = "<group>"; };
		9D58E8B52105CEA3005833A4 /* MainTableViewCell.swift */ = {isa = PBXFileReference; lastKnownFileType = sourcecode.swift; path = MainTableViewCell.swift; sourceTree = "<group>"; };
		9D58E8B62105CEA3005833A4 /* MainTableViewCell.xib */ = {isa = PBXFileReference; lastKnownFileType = file.xib; path = MainTableViewCell.xib; sourceTree = "<group>"; };
		9D58E8B92105D439005833A4 /* RestaurantModel.swift */ = {isa = PBXFileReference; lastKnownFileType = sourcecode.swift; path = RestaurantModel.swift; sourceTree = "<group>"; };
		9D58E8BB2105D4ED005833A4 /* Constants.swift */ = {isa = PBXFileReference; lastKnownFileType = sourcecode.swift; path = Constants.swift; sourceTree = "<group>"; };
		9D58E8BD2105D862005833A4 /* MainTableViewController.swift */ = {isa = PBXFileReference; lastKnownFileType = sourcecode.swift; path = MainTableViewController.swift; sourceTree = "<group>"; };
/* End PBXFileReference section */

/* Begin PBXFrameworksBuildPhase section */
		9D58E89C2105CC56005833A4 /* Frameworks */ = {
			isa = PBXFrameworksBuildPhase;
			buildActionMask = 2147483647;
			files = (
			);
			runOnlyForDeploymentPostprocessing = 0;
		};
/* End PBXFrameworksBuildPhase section */

/* Begin PBXGroup section */
		9D58E8962105CC56005833A4 = {
			isa = PBXGroup;
			children = (
				9D58E8A12105CC56005833A4 /* TableViewAndSearchBarPractice */,
				9D58E8A02105CC56005833A4 /* Products */,
			);
			sourceTree = "<group>";
		};
		9D58E8A02105CC56005833A4 /* Products */ = {
			isa = PBXGroup;
			children = (
				9D58E89F2105CC56005833A4 /* TableViewAndSearchBarPractice.app */,
			);
			name = Products;
			sourceTree = "<group>";
		};
		9D58E8A12105CC56005833A4 /* TableViewAndSearchBarPractice */ = {
			isa = PBXGroup;
			children = (
				9D58E8B42105CE43005833A4 /* Main Table */,
				9D58E8A22105CC56005833A4 /* AppDelegate.swift */,
				9D58E8A62105CC56005833A4 /* Main.storyboard */,
				9D58E8B92105D439005833A4 /* RestaurantModel.swift */,
				9D58E8A92105CC58005833A4 /* Assets.xcassets */,
				9D58E8AB2105CC58005833A4 /* LaunchScreen.storyboard */,
				9D58E8AE2105CC58005833A4 /* Info.plist */,
				9D58E8BB2105D4ED005833A4 /* Constants.swift */,
				9D58E8BD2105D862005833A4 /* MainTableViewController.swift */,
				9D5181D12105ED6800FBBB20 /* RestaurantDetailViewController.swift */,
				9D5181D32105FE1400FBBB20 /* SearchFooterViewController.swift */,
			);
			path = TableViewAndSearchBarPractice;
			sourceTree = "<group>";
		};
		9D58E8B42105CE43005833A4 /* Main Table */ = {
			isa = PBXGroup;
			children = (
				9D58E8B52105CEA3005833A4 /* MainTableViewCell.swift */,
				9D58E8B62105CEA3005833A4 /* MainTableViewCell.xib */,
			);
			path = "Main Table";
			sourceTree = "<group>";
		};
/* End PBXGroup section */

/* Begin PBXNativeTarget section */
		9D58E89E2105CC56005833A4 /* TableViewAndSearchBarPractice */ = {
			isa = PBXNativeTarget;
			buildConfigurationList = 9D58E8B12105CC58005833A4 /* Build configuration list for PBXNativeTarget "TableViewAndSearchBarPractice" */;
			buildPhases = (
				9D58E89B2105CC56005833A4 /* Sources */,
				9D58E89C2105CC56005833A4 /* Frameworks */,
				9D58E89D2105CC56005833A4 /* Resources */,
			);
			buildRules = (
			);
			dependencies = (
			);
			name = TableViewAndSearchBarPractice;
			productName = TableViewAndSearchBarPractice;
			productReference = 9D58E89F2105CC56005833A4 /* TableViewAndSearchBarPractice.app */;
			productType = "com.apple.product-type.application";
		};
/* End PBXNativeTarget section */

/* Begin PBXProject section */
		9D58E8972105CC56005833A4 /* Project object */ = {
			isa = PBXProject;
			attributes = {
				LastSwiftUpdateCheck = 0940;
				LastUpgradeCheck = 0940;
				ORGANIZATIONNAME = "Denis Markov";
				TargetAttributes = {
					9D58E89E2105CC56005833A4 = {
						CreatedOnToolsVersion = 9.4.1;
					};
				};
			};
			buildConfigurationList = 9D58E89A2105CC56005833A4 /* Build configuration list for PBXProject "TableViewAndSearchBarPractice" */;
			compatibilityVersion = "Xcode 9.3";
			developmentRegion = en;
			hasScannedForEncodings = 0;
			knownRegions = (
				en,
				Base,
			);
			mainGroup = 9D58E8962105CC56005833A4;
			productRefGroup = 9D58E8A02105CC56005833A4 /* Products */;
			projectDirPath = "";
			projectRoot = "";
			targets = (
				9D58E89E2105CC56005833A4 /* TableViewAndSearchBarPractice */,
			);
		};
/* End PBXProject section */

/* Begin PBXResourcesBuildPhase section */
		9D58E89D2105CC56005833A4 /* Resources */ = {
			isa = PBXResourcesBuildPhase;
			buildActionMask = 2147483647;
			files = (
				9D58E8AD2105CC58005833A4 /* LaunchScreen.storyboard in Resources */,
				9D58E8AA2105CC58005833A4 /* Assets.xcassets in Resources */,
				9D58E8B82105CEA3005833A4 /* MainTableViewCell.xib in Resources */,
				9D58E8A82105CC56005833A4 /* Main.storyboard in Resources */,
			);
			runOnlyForDeploymentPostprocessing = 0;
		};
/* End PBXResourcesBuildPhase section */

/* Begin PBXSourcesBuildPhase section */
		9D58E89B2105CC56005833A4 /* Sources */ = {
			isa = PBXSourcesBuildPhase;
			buildActionMask = 2147483647;
			files = (
				9D58E8BC2105D4ED005833A4 /* Constants.swift in Sources */,
				9D58E8B72105CEA3005833A4 /* MainTableViewCell.swift in Sources */,
				9D58E8A32105CC56005833A4 /* AppDelegate.swift in Sources */,
				9D58E8BE2105D862005833A4 /* MainTableViewController.swift in Sources */,
				9D5181D42105FE1400FBBB20 /* SearchFooterViewController.swift in Sources */,
				9D5181D22105ED6800FBBB20 /* RestaurantDetailViewController.swift in Sources */,
				9D58E8BA2105D439005833A4 /* RestaurantModel.swift in Sources */,
			);
			runOnlyForDeploymentPostprocessing = 0;
		};
/* End PBXSourcesBuildPhase section */

/* Begin PBXVariantGroup section */
		9D58E8A62105CC56005833A4 /* Main.storyboard */ = {
			isa = PBXVariantGroup;
			children = (
				9D58E8A72105CC56005833A4 /* Base */,
			);
			name = Main.storyboard;
			sourceTree = "<group>";
		};
		9D58E8AB2105CC58005833A4 /* LaunchScreen.storyboard */ = {
			isa = PBXVariantGroup;
			children = (
				9D58E8AC2105CC58005833A4 /* Base */,
			);
			name = LaunchScreen.storyboard;
			sourceTree = "<group>";
		};
/* End PBXVariantGroup section */

/* Begin XCBuildConfiguration section */
		9D58E8AF2105CC58005833A4 /* Debug */ = {
			isa = XCBuildConfiguration;
			buildSettings = {
				ALWAYS_SEARCH_USER_PATHS = NO;
				CLANG_ANALYZER_NONNULL = YES;
				CLANG_ANALYZER_NUMBER_OBJECT_CONVERSION = YES_AGGRESSIVE;
				CLANG_CXX_LANGUAGE_STANDARD = "gnu++14";
				CLANG_CXX_LIBRARY = "libc++";
				CLANG_ENABLE_MODULES = YES;
				CLANG_ENABLE_OBJC_ARC = YES;
				CLANG_ENABLE_OBJC_WEAK = YES;
				CLANG_WARN_BLOCK_CAPTURE_AUTORELEASING = YES;
				CLANG_WARN_BOOL_CONVERSION = YES;
				CLANG_WARN_COMMA = YES;
				CLANG_WARN_CONSTANT_CONVERSION = YES;
				CLANG_WARN_DEPRECATED_OBJC_IMPLEMENTATIONS = YES;
				CLANG_WARN_DIRECT_OBJC_ISA_USAGE = YES_ERROR;
				CLANG_WARN_DOCUMENTATION_COMMENTS = YES;
				CLANG_WARN_EMPTY_BODY = YES;
				CLANG_WARN_ENUM_CONVERSION = YES;
				CLANG_WARN_INFINITE_RECURSION = YES;
				CLANG_WARN_INT_CONVERSION = YES;
				CLANG_WARN_NON_LITERAL_NULL_CONVERSION = YES;
				CLANG_WARN_OBJC_IMPLICIT_RETAIN_SELF = YES;
				CLANG_WARN_OBJC_LITERAL_CONVERSION = YES;
				CLANG_WARN_OBJC_ROOT_CLASS = YES_ERROR;
				CLANG_WARN_RANGE_LOOP_ANALYSIS = YES;
				CLANG_WARN_STRICT_PROTOTYPES = YES;
				CLANG_WARN_SUSPICIOUS_MOVE = YES;
				CLANG_WARN_UNGUARDED_AVAILABILITY = YES_AGGRESSIVE;
				CLANG_WARN_UNREACHABLE_CODE = YES;
				CLANG_WARN__DUPLICATE_METHOD_MATCH = YES;
				CODE_SIGN_IDENTITY = "iPhone Developer";
				COPY_PHASE_STRIP = NO;
				DEBUG_INFORMATION_FORMAT = dwarf;
				ENABLE_STRICT_OBJC_MSGSEND = YES;
				ENABLE_TESTABILITY = YES;
				GCC_C_LANGUAGE_STANDARD = gnu11;
				GCC_DYNAMIC_NO_PIC = NO;
				GCC_NO_COMMON_BLOCKS = YES;
				GCC_OPTIMIZATION_LEVEL = 0;
				GCC_PREPROCESSOR_DEFINITIONS = (
					"DEBUG=1",
					"$(inherited)",
				);
				GCC_WARN_64_TO_32_BIT_CONVERSION = YES;
				GCC_WARN_ABOUT_RETURN_TYPE = YES_ERROR;
				GCC_WARN_UNDECLARED_SELECTOR = YES;
				GCC_WARN_UNINITIALIZED_AUTOS = YES_AGGRESSIVE;
				GCC_WARN_UNUSED_FUNCTION = YES;
				GCC_WARN_UNUSED_VARIABLE = YES;
				IPHONEOS_DEPLOYMENT_TARGET = 11.4;
				MTL_ENABLE_DEBUG_INFO = YES;
				ONLY_ACTIVE_ARCH = YES;
				SDKROOT = iphoneos;
				SWIFT_ACTIVE_COMPILATION_CONDITIONS = DEBUG;
				SWIFT_OPTIMIZATION_LEVEL = "-Onone";
			};
			name = Debug;
		};
		9D58E8B02105CC58005833A4 /* Release */ = {
			isa = XCBuildConfiguration;
			buildSettings = {
				ALWAYS_SEARCH_USER_PATHS = NO;
				CLANG_ANALYZER_NONNULL = YES;
				CLANG_ANALYZER_NUMBER_OBJECT_CONVERSION = YES_AGGRESSIVE;
				CLANG_CXX_LANGUAGE_STANDARD = "gnu++14";
				CLANG_CXX_LIBRARY = "libc++";
				CLANG_ENABLE_MODULES = YES;
				CLANG_ENABLE_OBJC_ARC = YES;
				CLANG_ENABLE_OBJC_WEAK = YES;
				CLANG_WARN_BLOCK_CAPTURE_AUTORELEASING = YES;
				CLANG_WARN_BOOL_CONVERSION = YES;
				CLANG_WARN_COMMA = YES;
				CLANG_WARN_CONSTANT_CONVERSION = YES;
				CLANG_WARN_DEPRECATED_OBJC_IMPLEMENTATIONS = YES;
				CLANG_WARN_DIRECT_OBJC_ISA_USAGE = YES_ERROR;
				CLANG_WARN_DOCUMENTATION_COMMENTS = YES;
				CLANG_WARN_EMPTY_BODY = YES;
				CLANG_WARN_ENUM_CONVERSION = YES;
				CLANG_WARN_INFINITE_RECURSION = YES;
				CLANG_WARN_INT_CONVERSION = YES;
				CLANG_WARN_NON_LITERAL_NULL_CONVERSION = YES;
				CLANG_WARN_OBJC_IMPLICIT_RETAIN_SELF = YES;
				CLANG_WARN_OBJC_LITERAL_CONVERSION = YES;
				CLANG_WARN_OBJC_ROOT_CLASS = YES_ERROR;
				CLANG_WARN_RANGE_LOOP_ANALYSIS = YES;
				CLANG_WARN_STRICT_PROTOTYPES = YES;
				CLANG_WARN_SUSPICIOUS_MOVE = YES;
				CLANG_WARN_UNGUARDED_AVAILABILITY = YES_AGGRESSIVE;
				CLANG_WARN_UNREACHABLE_CODE = YES;
				CLANG_WARN__DUPLICATE_METHOD_MATCH = YES;
				CODE_SIGN_IDENTITY = "iPhone Developer";
				COPY_PHASE_STRIP = NO;
				DEBUG_INFORMATION_FORMAT = "dwarf-with-dsym";
				ENABLE_NS_ASSERTIONS = NO;
				ENABLE_STRICT_OBJC_MSGSEND = YES;
				GCC_C_LANGUAGE_STANDARD = gnu11;
				GCC_NO_COMMON_BLOCKS = YES;
				GCC_WARN_64_TO_32_BIT_CONVERSION = YES;
				GCC_WARN_ABOUT_RETURN_TYPE = YES_ERROR;
				GCC_WARN_UNDECLARED_SELECTOR = YES;
				GCC_WARN_UNINITIALIZED_AUTOS = YES_AGGRESSIVE;
				GCC_WARN_UNUSED_FUNCTION = YES;
				GCC_WARN_UNUSED_VARIABLE = YES;
				IPHONEOS_DEPLOYMENT_TARGET = 11.4;
				MTL_ENABLE_DEBUG_INFO = NO;
				SDKROOT = iphoneos;
				SWIFT_COMPILATION_MODE = wholemodule;
				SWIFT_OPTIMIZATION_LEVEL = "-O";
				VALIDATE_PRODUCT = YES;
			};
			name = Release;
		};
		9D58E8B22105CC58005833A4 /* Debug */ = {
			isa = XCBuildConfiguration;
			buildSettings = {
				ASSETCATALOG_COMPILER_APPICON_NAME = AppIcon;
				CODE_SIGN_STYLE = Automatic;
				INFOPLIST_FILE = TableViewAndSearchBarPractice/Info.plist;
				LD_RUNPATH_SEARCH_PATHS = (
					"$(inherited)",
					"@executable_path/Frameworks",
				);
				PRODUCT_BUNDLE_IDENTIFIER = com.kinectpro.denismarkov.TableViewAndSearchBarPractice;
				PRODUCT_NAME = "$(TARGET_NAME)";
				SWIFT_VERSION = 4.0;
				TARGETED_DEVICE_FAMILY = "1,2";
			};
			name = Debug;
		};
		9D58E8B32105CC58005833A4 /* Release */ = {
			isa = XCBuildConfiguration;
			buildSettings = {
				ASSETCATALOG_COMPILER_APPICON_NAME = AppIcon;
				CODE_SIGN_STYLE = Automatic;
				INFOPLIST_FILE = TableViewAndSearchBarPractice/Info.plist;
				LD_RUNPATH_SEARCH_PATHS = (
					"$(inherited)",
					"@executable_path/Frameworks",
				);
				PRODUCT_BUNDLE_IDENTIFIER = com.kinectpro.denismarkov.TableViewAndSearchBarPractice;
				PRODUCT_NAME = "$(TARGET_NAME)";
				SWIFT_VERSION = 4.0;
				TARGETED_DEVICE_FAMILY = "1,2";
			};
			name = Release;
		};
/* End XCBuildConfiguration section */

/* Begin XCConfigurationList section */
		9D58E89A2105CC56005833A4 /* Build configuration list for PBXProject "TableViewAndSearchBarPractice" */ = {
			isa = XCConfigurationList;
			buildConfigurations = (
				9D58E8AF2105CC58005833A4 /* Debug */,
				9D58E8B02105CC58005833A4 /* Release */,
			);
			defaultConfigurationIsVisible = 0;
			defaultConfigurationName = Release;
		};
		9D58E8B12105CC58005833A4 /* Build configuration list for PBXNativeTarget "TableViewAndSearchBarPractice" */ = {
			isa = XCConfigurationList;
			buildConfigurations = (
				9D58E8B22105CC58005833A4 /* Debug */,
				9D58E8B32105CC58005833A4 /* Release */,
			);
			defaultConfigurationIsVisible = 0;
			defaultConfigurationName = Release;
		};
/* End XCConfigurationList section */
	};
	rootObject = 9D58E8972105CC56005833A4 /* Project object */;
}
